
Microsoft Visual Studio Solution File, Format Version 12.00
# Visual Studio 15
VisualStudioVersion = 15.0.28307.1433
MinimumVisualStudioVersion = 10.0.40219.1
Project("{8BC9CEB8-8B4A-11D0-8D11-00A0C91BC942}") = "D2D", "D2D\D2D.vcxproj", "{A99EA134-1C9E-4324-A293-1B01C544A633}"
EndProject
Global
	GlobalSection(SolutionConfigurationPlatforms) = preSolution
		Debug|x64 = Debug|x64
		Debug|x86 = Debug|x86
		Release|x64 = Release|x64
		Release|x86 = Release|x86
	EndGlobalSection
	GlobalSection(ProjectConfigurationPlatforms) = postSolution
		{A99EA134-1C9E-4324-A293-1B01C544A633}.Debug|x64.ActiveCfg = Debug|x64
		{A99EA134-1C9E-4324-A293-1B01C544A633}.Debug|x64.Build.0 = Debug|x64
		{A99EA134-1C9E-4324-A293-1B01C544A633}.Debug|x86.ActiveCfg = Debug|Win32
		{A99EA134-1C9E-4324-A293-1B01C544A633}.Debug|x86.Build.0 = Debug|Win32
		{A99EA134-1C9E-4324-A293-1B01C544A633}.Release|x64.ActiveCfg = Release|x64
		{A99EA134-1C9E-4324-A293-1B01C544A633}.Release|x64.Build.0 = Release|x64
		{A99EA134-1C9E-4324-A293-1B01C544A633}.Release|x86.ActiveCfg = Release|Win32
		{A99EA134-1C9E-4324-A293-1B01C544A633}.Release|x86.Build.0 = Release|Win32
	EndGlobalSection
	GlobalSection(SolutionProperties) = preSolution
		HideSolutionNode = FALSE
	EndGlobalSection
	GlobalSection(ExtensibilityGlobals) = postSolution
		SolutionGuid = {E3795699-C73F-436D-8D14-731EDE945848}
	EndGlobalSection
EndGlobal
